<Project xmlns="http://schemas.microsoft.com/developer/msbuild/2003">
    <PropertyGroup>
        <ProjectGuid>{99c592be-9474-4e72-a9da-95693e4a0b2f}</ProjectGuid>
        <MainSource>A080PModConte.dpr</MainSource>
        <Configuration Condition=" '$(Configuration)' == '' ">Debug</Configuration>
        <DCC_DCCCompiler>DCC32</DCC_DCCCompiler>
        <DCC_DependencyCheckOutputName>..\Eseguibili\A080PModConte.exe</DCC_DependencyCheckOutputName>
        <ProjectVersion>14.6</ProjectVersion>
        <Config Condition="'$(Config)'==''">Debug</Config>
        <FrameworkType>VCL</FrameworkType>
        <Base>True</Base>
        <Platform Condition="'$(Platform)'==''">Win32</Platform>
        <TargetedPlatforms>1</TargetedPlatforms>
        <AppType>Application</AppType>
    </PropertyGroup>
    <PropertyGroup Condition="'$(Config)'=='Base' or '$(Base)'!=''">
        <Base>true</Base>
    </PropertyGroup>
    <PropertyGroup Condition="('$(Platform)'=='Win32' and '$(Base)'=='true') or '$(Base_Win32)'!=''">
        <Base_Win32>true</Base_Win32>
        <CfgParent>Base</CfgParent>
        <Base>true</Base>
    </PropertyGroup>
    <PropertyGroup Condition="('$(Platform)'=='Win64' and '$(Base)'=='true') or '$(Base_Win64)'!=''">
        <Base_Win64>true</Base_Win64>
        <CfgParent>Base</CfgParent>
        <Base>true</Base>
    </PropertyGroup>
    <PropertyGroup Condition="'$(Config)'=='Release' or '$(Cfg_1)'!=''">
        <Cfg_1>true</Cfg_1>
        <CfgParent>Base</CfgParent>
        <Base>true</Base>
    </PropertyGroup>
    <PropertyGroup Condition="'$(Config)'=='Debug' or '$(Cfg_2)'!=''">
        <Cfg_2>true</Cfg_2>
        <CfgParent>Base</CfgParent>
        <Base>true</Base>
    </PropertyGroup>
    <PropertyGroup Condition="'$(Base)'!=''">
        <VerInfo_Keys>FileVersion=1.0.0.0;ProductVersion=1.0.0.0</VerInfo_Keys>
        <DCC_Namespace>Vcl;Vcl.Imaging;Vcl.Touch;Vcl.Samples;Vcl.Shell;System;Xml;Data;Datasnap;Web;Soap;Winapi;System.Win;$(DCC_Namespace)</DCC_Namespace>
        <VerInfo_Locale>1040</VerInfo_Locale>
        <DCC_UsePackage>vclx;vcl;vclimg;dbrtl;Rave77VCL;bdertl;rtl;vclactnband;vcldb;vcldbx;vcltouch;xmlrtl;dsnap;dsnapcon;TeeUI;TeeDB;Tee;vclib;ibxpress;adortl;IndyCore;IndySystem;IndyProtocols;inet;intrawebdb_100_140;Intraweb_100_140;VclSmp;vclie;websnap;webdsnap;inetdb;inetdbbde;inetdbxpress;soaprtl;dbexpress;DbxCommonDriver;DataSnapIndy10ServerTransport;DataSnapProviderClient;DbxClientDriver;DataSnapServer;DBXInterBaseDriver;DBXMySQLDriver;dbxcds;DBXFirebirdDriver;DBXSybaseASEDriver;DBXSybaseASADriver;DBXOracleDriver;DBXMSSQLDriver;DBXInformixDriver;DBXDb2Driver;mySQLDAC14;Ecomp;DxPrint;dclOffice2k;iw10tmsd2010;iw10tmsgridd2010;iw10tmsgridded2010;iw10tmssed2010;iw10tmsxlsd2010;rcl_meIWComponents;rcl_meIWNewComponents;QR5RunD2010;$(DCC_UsePackage)</DCC_UsePackage>
        <DCC_DependencyCheckOutputName>A080PModConte.exe</DCC_DependencyCheckOutputName>
    </PropertyGroup>
    <PropertyGroup Condition="'$(Base_Win32)'!=''">
        <Manifest_File>$(BDS)\bin\default_app.manifest</Manifest_File>
        <DCC_Namespace>Winapi;System.Win;Data.Win;Datasnap.Win;Web.Win;Soap.Win;Xml.Win;Bde;$(DCC_Namespace)</DCC_Namespace>
        <Icon_MainIcon>A080PModConte_Icon1.ico</Icon_MainIcon>
        <VerInfo_Locale>1033</VerInfo_Locale>
        <VerInfo_IncludeVerInfo>true</VerInfo_IncludeVerInfo>
        <VerInfo_Keys>CompanyName=;FileDescription=;FileVersion=1.0.0.0;InternalName=;LegalCopyright=;LegalTrademarks=;OriginalFilename=;ProductName=;ProductVersion=1.0.0.0;Comments=</VerInfo_Keys>
    </PropertyGroup>
    <PropertyGroup Condition="'$(Base_Win64)'!=''">
        <Icon_MainIcon>A080PModConte_Icon1.ico</Icon_MainIcon>
    </PropertyGroup>
    <PropertyGroup Condition="'$(Cfg_1)'!=''">
        <DCC_DependencyCheckOutputName>..\Eseguibili\A080PModConte.exe</DCC_DependencyCheckOutputName>
        <Version>7.0</Version>
        <DCC_DebugInformation>False</DCC_DebugInformation>
        <DCC_WriteableConstants>True</DCC_WriteableConstants>
        <DCC_LocalDebugSymbols>False</DCC_LocalDebugSymbols>
        <DCC_SymbolReferenceInfo>0</DCC_SymbolReferenceInfo>
        <DCC_ExeOutput>..\Eseguibili</DCC_ExeOutput>
        <DCC_DcuOutput>..\DCU</DCC_DcuOutput>
        <DCC_ObjOutput>..\DCU</DCC_ObjOutput>
        <DCC_HppOutput>..\DCU</DCC_HppOutput>
        <DCC_UnitSearchPath>..\Copy;..\Repositary;..\MWRilPre;..\IntegrazioneAnagrafico;..\Componenti;..\PJRilPre;..\pjcONDIVISI;$(DCC_UnitSearchPath)</DCC_UnitSearchPath>
        <DCC_ResourcePath>..\Copy;..\Repositary;..\MWRilPre;..\IntegrazioneAnagrafico;..\Componenti;..\PJRilPre;..\pjcONDIVISI;$(DCC_ResourcePath)</DCC_ResourcePath>
        <DCC_ObjPath>..\Copy;..\Repositary;..\MWRilPre;..\IntegrazioneAnagrafico;..\Componenti;..\PJRilPre;..\pjcONDIVISI;$(DCC_ObjPath)</DCC_ObjPath>
        <DCC_IncludePath>..\Copy;..\Repositary;..\MWRilPre;..\IntegrazioneAnagrafico;..\Componenti;..\PJRilPre;..\pjcONDIVISI;$(DCC_IncludePath)</DCC_IncludePath>
        <DCC_Define>RELEASE;$(DCC_Define)</DCC_Define>
        <DCC_RangeChecking>True</DCC_RangeChecking>
        <DCC_UNSAFE_TYPE>True</DCC_UNSAFE_TYPE>
        <DCC_UNSAFE_CODE>True</DCC_UNSAFE_CODE>
        <DCC_UNSAFE_CAST>True</DCC_UNSAFE_CAST>
    </PropertyGroup>
    <PropertyGroup Condition="'$(Cfg_2)'!=''">
        <DCC_DependencyCheckOutputName>..\Eseguibili\A080PModConte.exe</DCC_DependencyCheckOutputName>
        <Version>7.0</Version>
        <DCC_WriteableConstants>True</DCC_WriteableConstants>
        <DCC_SymbolReferenceInfo>0</DCC_SymbolReferenceInfo>
        <DCC_ExeOutput>..\Eseguibili</DCC_ExeOutput>
        <DCC_DcuOutput>..\DCU</DCC_DcuOutput>
        <DCC_ObjOutput>..\DCU</DCC_ObjOutput>
        <DCC_HppOutput>..\DCU</DCC_HppOutput>
        <DCC_UnitSearchPath>..\Copy;..\Repositary;..\MWRilPre;..\IntegrazioneAnagrafico;..\Componenti;..\PJRilPre;..\pjcONDIVISI;$(DCC_UnitSearchPath)</DCC_UnitSearchPath>
        <DCC_ResourcePath>..\Copy;..\Repositary;..\MWRilPre;..\IntegrazioneAnagrafico;..\Componenti;..\PJRilPre;..\pjcONDIVISI;$(DCC_ResourcePath)</DCC_ResourcePath>
        <DCC_ObjPath>..\Copy;..\Repositary;..\MWRilPre;..\IntegrazioneAnagrafico;..\Componenti;..\PJRilPre;..\pjcONDIVISI;$(DCC_ObjPath)</DCC_ObjPath>
        <DCC_IncludePath>..\Copy;..\Repositary;..\MWRilPre;..\IntegrazioneAnagrafico;..\Componenti;..\PJRilPre;..\pjcONDIVISI;$(DCC_IncludePath)</DCC_IncludePath>
        <DCC_Define>DEBUG;$(DCC_Define)</DCC_Define>
        <DCC_RangeChecking>True</DCC_RangeChecking>
        <DCC_UNSAFE_TYPE>True</DCC_UNSAFE_TYPE>
        <DCC_UNSAFE_CODE>True</DCC_UNSAFE_CODE>
        <DCC_UNSAFE_CAST>True</DCC_UNSAFE_CAST>
    </PropertyGroup>
    <ProjectExtensions>
        <Borland.Personality>Delphi.Personality.12</Borland.Personality>
        <Borland.ProjectType>VCLApplication</Borland.ProjectType>
        <BorlandProject>
            <Delphi.Personality>
                <Parameters>
                    <Parameters Name="UseLauncher">False</Parameters>
                    <Parameters Name="LoadAllSymbols">True</Parameters>
                    <Parameters Name="LoadUnspecifiedSymbols">False</Parameters>
                </Parameters>
                <Language>
                    <Language Name="ProjectLang">$00000410</Language>
                </Language>
                <VersionInfo>
                    <VersionInfo Name="IncludeVerInfo">False</VersionInfo>
                    <VersionInfo Name="AutoIncBuild">False</VersionInfo>
                    <VersionInfo Name="MajorVer">1</VersionInfo>
                    <VersionInfo Name="MinorVer">0</VersionInfo>
                    <VersionInfo Name="Release">0</VersionInfo>
                    <VersionInfo Name="Build">0</VersionInfo>
                    <VersionInfo Name="Debug">False</VersionInfo>
                    <VersionInfo Name="PreRelease">False</VersionInfo>
                    <VersionInfo Name="Special">False</VersionInfo>
                    <VersionInfo Name="Private">False</VersionInfo>
                    <VersionInfo Name="DLL">False</VersionInfo>
                    <VersionInfo Name="Locale">1040</VersionInfo>
                    <VersionInfo Name="CodePage">1252</VersionInfo>
                </VersionInfo>
                <VersionInfoKeys>
                    <VersionInfoKeys Name="FileVersion">1.0.0.0</VersionInfoKeys>
                    <VersionInfoKeys Name="ProductVersion">1.0.0.0</VersionInfoKeys>
                </VersionInfoKeys>
                <Source>
                    <Source Name="MainSource">A080PModConte.dpr</Source>
                </Source>
                <Excluded_Packages>
                    <Excluded_Packages Name="$(BDSBIN)\dclofficexp140.bpl">Microsoft Office XP Sample Automation Server Wrapper Components</Excluded_Packages>
                </Excluded_Packages>
            </Delphi.Personality>
            <Platforms>
                <Platform value="Win32">True</Platform>
                <Platform value="Win64">False</Platform>
            </Platforms>
        </BorlandProject>
        <ProjectFileVersion>12</ProjectFileVersion>
    </ProjectExtensions>
    <ItemGroup>
        <DelphiCompile Include="$(MainSource)">
            <MainSource>MainSource</MainSource>
        </DelphiCompile>
        <DCCReference Include="A080UModConteDtM1.pas">
            <Form>A080FModConteDtM1</Form>
            <DesignClass>TDataModule</DesignClass>
        </DCCReference>
        <DCCReference Include="A080UModConte.pas">
            <Form>A080FModConte</Form>
        </DCCReference>
        <DCCReference Include="..\Repositary\R001UGESTTAB.pas">
            <Form>R001FGestTab</Form>
        </DCCReference>
        <DCCReference Include="A080USaldiAbbattuti.pas">
            <Form>A080FSaldiAbbattuti</Form>
        </DCCReference>
        <DCCReference Include="A080UCausaliCompensabili.pas">
            <Form>A080FCausaliCompensabili</Form>
        </DCCReference>
        <DCCReference Include="..\Copy\C600USelAnagrafe.pas">
            <Form>C600frmSelAnagrafe</Form>
            <DesignClass>TFrame</DesignClass>
        </DCCReference>
        <DCCReference Include="..\Repositary\R004UGestStoricoDTM.pas">
            <Form>R004FGestStoricoDtM</Form>
            <DesignClass>TDataModule</DesignClass>
        </DCCReference>
        <DCCReference Include="..\Repositary\R004UGestStorico.pas">
            <Form>R004FGestStorico</Form>
        </DCCReference>
        <DCCReference Include="A080URientriObbligatoriDtM.pas">
            <Form>A080FRientriObbligatoriDtM</Form>
            <DesignClass>TDataModule</DesignClass>
        </DCCReference>
        <DCCReference Include="A080USoglieStraordinario.pas">
            <Form>A080FSoglieStraordinario</Form>
        </DCCReference>
        <DCCReference Include="A080USoglieStraordinarioDtM.pas">
            <Form>A080FSoglieStraordinarioDtM</Form>
            <DesignClass>TDataModule</DesignClass>
        </DCCReference>
        <DCCReference Include="A080URientriObbligatori.pas">
            <Form>A080FRientriObbligatori</Form>
        </DCCReference>
        <DCCReference Include="..\Copy\A000UMessaggi.pas"/>
        <BuildConfiguration Include="Debug">
            <Key>Cfg_2</Key>
            <CfgParent>Base</CfgParent>
        </BuildConfiguration>
        <BuildConfiguration Include="Base">
            <Key>Base</Key>
        </BuildConfiguration>
        <BuildConfiguration Include="Release">
            <Key>Cfg_1</Key>
            <CfgParent>Base</CfgParent>
        </BuildConfiguration>
    </ItemGroup>
    <Import Project="$(BDS)\Bin\CodeGear.Delphi.Targets" Condition="Exists('$(BDS)\Bin\CodeGear.Delphi.Targets')"/>
    <Import Project="$(APPDATA)\Embarcadero\$(BDSAPPDATABASEDIR)\$(PRODUCTVERSION)\UserTools.proj" Condition="Exists('$(APPDATA)\Embarcadero\$(BDSAPPDATABASEDIR)\$(PRODUCTVERSION)\UserTools.proj')"/>
</Project>
