	<Project xmlns="http://schemas.microsoft.com/developer/msbuild/2003">
		<PropertyGroup>
			<ProjectGuid>{40f18c7a-5df7-4b75-8f0a-88acd7a1d43e}</ProjectGuid>
			<MainSource>A041PInsRiposi.dpr</MainSource>
			<Configuration Condition=" '$(Configuration)' == '' ">Debug</Configuration>
			<Platform Condition=" '$(Platform)' == '' ">AnyCPU</Platform>
			<DCC_DCCCompiler>DCC32</DCC_DCCCompiler>
			<DCC_DependencyCheckOutputName>..\Eseguibili\A041PInsRiposi.exe</DCC_DependencyCheckOutputName>
			<ProjectVersion>12.0</ProjectVersion>
			<Config Condition="'$(Config)'==''">Debug</Config>
		</PropertyGroup>
		<PropertyGroup Condition="'$(Config)'=='Base' or '$(Base)'!=''">
			<Base>true</Base>
		</PropertyGroup>
		<PropertyGroup Condition="'$(Config)'=='Release' or '$(Cfg_1)'!=''">
			<Cfg_1>true</Cfg_1>
			<CfgParent>Base</CfgParent>
			<Base>true</Base>
		</PropertyGroup>
		<PropertyGroup Condition="'$(Config)'=='Debug' or '$(Cfg_2)'!=''">
			<Cfg_2>true</Cfg_2>
			<CfgParent>Base</CfgParent>
			<Base>true</Base>
		</PropertyGroup>
		<PropertyGroup Condition="'$(Base)'!=''">
			<DCC_UnitSearchPath>..\PJServizi;..\Copy;..\Repositary;$(DCC_UnitSearchPath)</DCC_UnitSearchPath>
			<DCC_BplOutput>..\eseguibili</DCC_BplOutput>
			<DCC_DcuOutput>..\dcu</DCC_DcuOutput>
			<DCC_DependencyCheckOutputName>A041PInsRiposi.exe</DCC_DependencyCheckOutputName>
		</PropertyGroup>
		<PropertyGroup Condition="'$(Cfg_1)'!=''">
			<DCC_DependencyCheckOutputName>..\Eseguibili\A041PInsRiposi.exe</DCC_DependencyCheckOutputName>
			<Version>7.0</Version>
			<DCC_DebugInformation>False</DCC_DebugInformation>
			<DCC_WriteableConstants>True</DCC_WriteableConstants>
			<DCC_LocalDebugSymbols>False</DCC_LocalDebugSymbols>
			<DCC_SymbolReferenceInfo>0</DCC_SymbolReferenceInfo>
			<DCC_ExeOutput>..\Eseguibili</DCC_ExeOutput>
			<DCC_DcuOutput>..\DCU</DCC_DcuOutput>
			<DCC_ObjOutput>..\DCU</DCC_ObjOutput>
			<DCC_HppOutput>..\DCU</DCC_HppOutput>
			<DCC_UnitSearchPath>..\MWRilPre;..\IntegrazioneAnagrafico;..\Componenti;..\PJCondivisi;..\PJRilPre;$(DCC_UnitSearchPath)</DCC_UnitSearchPath>
			<DCC_ResourcePath>..\Copy;..\Repositary;..\MWRilPre;..\IntegrazioneAnagrafico;..\Componenti;..\PJCondivisi;..\PJRilPre;$(DCC_ResourcePath)</DCC_ResourcePath>
			<DCC_ObjPath>..\Copy;..\Repositary;..\MWRilPre;..\IntegrazioneAnagrafico;..\Componenti;..\PJCondivisi;..\PJRilPre;$(DCC_ObjPath)</DCC_ObjPath>
			<DCC_IncludePath>..\Copy;..\Repositary;..\MWRilPre;..\IntegrazioneAnagrafico;..\Componenti;..\PJCondivisi;..\PJRilPre;$(DCC_IncludePath)</DCC_IncludePath>
			<DCC_Define>RELEASE;$(DCC_Define)</DCC_Define>
			<DCC_RangeChecking>True</DCC_RangeChecking>
			<DCC_UNSAFE_TYPE>True</DCC_UNSAFE_TYPE>
			<DCC_UNSAFE_CODE>True</DCC_UNSAFE_CODE>
			<DCC_UNSAFE_CAST>True</DCC_UNSAFE_CAST>
		</PropertyGroup>
		<PropertyGroup Condition="'$(Cfg_2)'!=''">
			<DCC_DependencyCheckOutputName>..\Eseguibili\A041PInsRiposi.exe</DCC_DependencyCheckOutputName>
			<Version>7.0</Version>
			<DCC_WriteableConstants>True</DCC_WriteableConstants>
			<DCC_SymbolReferenceInfo>0</DCC_SymbolReferenceInfo>
			<DCC_ExeOutput>..\Eseguibili</DCC_ExeOutput>
			<DCC_DcuOutput>..\DCU</DCC_DcuOutput>
			<DCC_ObjOutput>..\DCU</DCC_ObjOutput>
			<DCC_HppOutput>..\DCU</DCC_HppOutput>
			<DCC_UnitSearchPath>..\MWRilPre;..\IntegrazioneAnagrafico;..\Componenti;..\PJCondivisi;..\PJRilPre;$(DCC_UnitSearchPath)</DCC_UnitSearchPath>
			<DCC_ResourcePath>..\Copy;..\Repositary;..\MWRilPre;..\IntegrazioneAnagrafico;..\Componenti;..\PJCondivisi;..\PJRilPre;$(DCC_ResourcePath)</DCC_ResourcePath>
			<DCC_ObjPath>..\Copy;..\Repositary;..\MWRilPre;..\IntegrazioneAnagrafico;..\Componenti;..\PJCondivisi;..\PJRilPre;$(DCC_ObjPath)</DCC_ObjPath>
			<DCC_IncludePath>..\Copy;..\Repositary;..\MWRilPre;..\IntegrazioneAnagrafico;..\Componenti;..\PJCondivisi;..\PJRilPre;$(DCC_IncludePath)</DCC_IncludePath>
			<DCC_Define>DEBUG;$(DCC_Define)</DCC_Define>
			<DCC_RangeChecking>True</DCC_RangeChecking>
			<DCC_UNSAFE_TYPE>True</DCC_UNSAFE_TYPE>
			<DCC_UNSAFE_CODE>True</DCC_UNSAFE_CODE>
			<DCC_UNSAFE_CAST>True</DCC_UNSAFE_CAST>
		</PropertyGroup>
		<ProjectExtensions>
			<Borland.Personality>Delphi.Personality.12</Borland.Personality>
			<Borland.ProjectType>VCLApplication</Borland.ProjectType>
			<BorlandProject>
				<Delphi.Personality>
					<Parameters>
						<Parameters Name="UseLauncher">False</Parameters>
						<Parameters Name="LoadAllSymbols">True</Parameters>
						<Parameters Name="LoadUnspecifiedSymbols">False</Parameters>
					</Parameters>
					<Language>
						<Language Name="ProjectLang">$00000410</Language>
					</Language>
					<VersionInfo>
						<VersionInfo Name="IncludeVerInfo">False</VersionInfo>
						<VersionInfo Name="AutoIncBuild">False</VersionInfo>
						<VersionInfo Name="MajorVer">1</VersionInfo>
						<VersionInfo Name="MinorVer">0</VersionInfo>
						<VersionInfo Name="Release">0</VersionInfo>
						<VersionInfo Name="Build">0</VersionInfo>
						<VersionInfo Name="Debug">False</VersionInfo>
						<VersionInfo Name="PreRelease">False</VersionInfo>
						<VersionInfo Name="Special">False</VersionInfo>
						<VersionInfo Name="Private">False</VersionInfo>
						<VersionInfo Name="DLL">False</VersionInfo>
						<VersionInfo Name="Locale">1040</VersionInfo>
						<VersionInfo Name="CodePage">1252</VersionInfo>
					</VersionInfo>
					<VersionInfoKeys>
						<VersionInfoKeys Name="CompanyName"/>
						<VersionInfoKeys Name="FileDescription"/>
						<VersionInfoKeys Name="FileVersion">1.0.0.0</VersionInfoKeys>
						<VersionInfoKeys Name="InternalName"/>
						<VersionInfoKeys Name="LegalCopyright"/>
						<VersionInfoKeys Name="LegalTrademarks"/>
						<VersionInfoKeys Name="OriginalFilename"/>
						<VersionInfoKeys Name="ProductName"/>
						<VersionInfoKeys Name="ProductVersion">1.0.0.0</VersionInfoKeys>
						<VersionInfoKeys Name="Comments"/>
					</VersionInfoKeys>
					<Source>
						<Source Name="MainSource">A041PInsRiposi.dpr</Source>
					</Source>
				</Delphi.Personality>
			</BorlandProject>
			<ProjectFileVersion>12</ProjectFileVersion>
		</ProjectExtensions>
		<ItemGroup>
			<DelphiCompile Include="A041PInsRiposi.dpr">
				<MainSource>MainSource</MainSource>
			</DelphiCompile>
			<DCCReference Include="A041UInsRiposiDtM1.pas">
				<Form>A041FInsRiposiDtM1</Form>
				<DesignClass>TDataModule</DesignClass>
			</DCCReference>
			<DCCReference Include="A041UInsRiposi.pas">
				<Form>A041FInsRiposi</Form>
			</DCCReference>
			<DCCReference Include="..\Componenti\SelAnagrafe.pas">
				<Form>frmSelAnagrafe</Form>
				<DesignClass>TFrame</DesignClass>
			</DCCReference>
			<DCCReference Include="..\Repositary\R005UDataModuleMW.pas">
				<Form>R005FDataModuleMW</Form>
				<DesignClass>TDataModule</DesignClass>
			</DCCReference>
			<DCCReference Include="..\MWRilPre\A041UInsRiposiMW.pas">
				<Form>A041FInsRiposiMW</Form>
				<DesignClass>TDataModule</DesignClass>
			</DCCReference>
			<DCCReference Include="..\Copy\A000UMessaggi.pas"/>
			<BuildConfiguration Include="Base">
				<Key>Base</Key>
			</BuildConfiguration>
			<BuildConfiguration Include="Debug">
				<Key>Cfg_2</Key>
				<CfgParent>Base</CfgParent>
			</BuildConfiguration>
			<BuildConfiguration Include="Release">
				<Key>Cfg_1</Key>
				<CfgParent>Base</CfgParent>
			</BuildConfiguration>
		</ItemGroup>
		<ItemGroup/>
		<Import Project="$(BDS)\Bin\CodeGear.Delphi.Targets" Condition="Exists('$(BDS)\Bin\CodeGear.Delphi.Targets')"/>
	</Project>
