<Project xmlns="http://schemas.microsoft.com/developer/msbuild/2003">
    <PropertyGroup>
        <ProjectGuid>{CD45E3DD-3B86-444B-B111-B15BF46AE36D}</ProjectGuid>
        <MainSource>rcl_meIW12Components.dpk</MainSource>
        <ProjectVersion>14.6</ProjectVersion>
        <Config Condition="'$(Config)'==''">Release</Config>
        <DCC_DCCCompiler>DCC32</DCC_DCCCompiler>
        <FrameworkType>VCL</FrameworkType>
        <Base>True</Base>
        <Platform Condition="'$(Platform)'==''">Win32</Platform>
        <TargetedPlatforms>1</TargetedPlatforms>
        <AppType>Package</AppType>
    </PropertyGroup>
    <PropertyGroup Condition="'$(Config)'=='Base' or '$(Base)'!=''">
        <Base>true</Base>
    </PropertyGroup>
    <PropertyGroup Condition="('$(Platform)'=='Win32' and '$(Base)'=='true') or '$(Base_Win32)'!=''">
        <Base_Win32>true</Base_Win32>
        <CfgParent>Base</CfgParent>
        <Base>true</Base>
    </PropertyGroup>
    <PropertyGroup Condition="('$(Platform)'=='Win64' and '$(Base)'=='true') or '$(Base_Win64)'!=''">
        <Base_Win64>true</Base_Win64>
        <CfgParent>Base</CfgParent>
        <Base>true</Base>
    </PropertyGroup>
    <PropertyGroup Condition="'$(Config)'=='Release' or '$(Cfg_1)'!=''">
        <Cfg_1>true</Cfg_1>
        <CfgParent>Base</CfgParent>
        <Base>true</Base>
    </PropertyGroup>
    <PropertyGroup Condition="('$(Platform)'=='Win32' and '$(Cfg_1)'=='true') or '$(Cfg_1_Win32)'!=''">
        <Cfg_1_Win32>true</Cfg_1_Win32>
        <CfgParent>Cfg_1</CfgParent>
        <Cfg_1>true</Cfg_1>
        <Base>true</Base>
    </PropertyGroup>
    <PropertyGroup Condition="'$(Config)'=='Debug' or '$(Cfg_2)'!=''">
        <Cfg_2>true</Cfg_2>
        <CfgParent>Base</CfgParent>
        <Base>true</Base>
    </PropertyGroup>
    <PropertyGroup Condition="('$(Platform)'=='Win32' and '$(Cfg_2)'=='true') or '$(Cfg_2_Win32)'!=''">
        <Cfg_2_Win32>true</Cfg_2_Win32>
        <CfgParent>Cfg_2</CfgParent>
        <Cfg_2>true</Cfg_2>
        <Base>true</Base>
    </PropertyGroup>
    <PropertyGroup Condition="'$(Base)'!=''">
        <VerInfo_Locale>1040</VerInfo_Locale>
        <VerInfo_Keys>CompanyName=;FileDescription=;FileVersion=1.0.0.0;InternalName=;LegalCopyright=;LegalTrademarks=;OriginalFilename=;ProductName=;ProductVersion=1.0.0.0;Comments=</VerInfo_Keys>
        <VerInfo_IncludeVerInfo>true</VerInfo_IncludeVerInfo>
        <DCC_UnitAlias>IWGrids=IWCompGrids;IWGridCommon=IWCompGridCommon;IWExtCtrls=IWCompExtCtrls;SWStrings=IWStrings;SWSystem=IWSystem;IWJQueryWidget=IWCompJQueryWidget;IWSilverLight=IWCompSilverLight;IWProgressIndicator=IWCompProgressIndicator;IWTreeView=IWCompTreeView;IWCompEdit_=IWCompFile_;$(DCC_UnitAlias)</DCC_UnitAlias>
        <DCC_Namespace>Vcl;Vcl.Imaging;Vcl.Touch;Vcl.Samples;Vcl.Shell;System;Xml;Data;Datasnap;Web;Soap;$(DCC_Namespace)</DCC_Namespace>
        <DCC_IntegerOverflowCheck>true</DCC_IntegerOverflowCheck>
        <DCC_RangeChecking>true</DCC_RangeChecking>
        <DCC_Define>TMSIW122;$(DCC_Define)</DCC_Define>
        <RuntimeOnlyPackage>true</RuntimeOnlyPackage>
        <DCC_DcuOutput>..\dcu</DCC_DcuOutput>
        <DCC_DcpOutput>..\Packages</DCC_DcpOutput>
        <DCC_BplOutput>..\Packages</DCC_BplOutput>
        <DCC_DependencyCheckOutputName>rcl_meIW12Components.bpl</DCC_DependencyCheckOutputName>
        <DCC_Description>MEDP_IntraWEB12</DCC_Description>
        <GenDll>true</GenDll>
        <GenPackage>true</GenPackage>
        <DCC_ImageBase>00400000</DCC_ImageBase>
        <DCC_Platform>x86</DCC_Platform>
    </PropertyGroup>
    <PropertyGroup Condition="'$(Base_Win32)'!=''">
        <DCC_UsePackage>rtl;iw12tmsdxe3;rcl_meIW12NewComponents;$(DCC_UsePackage)</DCC_UsePackage>
        <Manifest_File>$(BDS)\bin\default_app.manifest</Manifest_File>
        <VerInfo_Locale>1033</VerInfo_Locale>
        <DCC_Namespace>Winapi;System.Win;Data.Win;Datasnap.Win;Web.Win;Soap.Win;Xml.Win;Bde;$(DCC_Namespace)</DCC_Namespace>
        <Icon_MainIcon>delphi_PROJECTICON.ico</Icon_MainIcon>
    </PropertyGroup>
    <PropertyGroup Condition="'$(Base_Win64)'!=''">
        <DCC_UsePackage>rtl;$(DCC_UsePackage)</DCC_UsePackage>
        <Manifest_File>$(BDS)\bin\default_app.manifest</Manifest_File>
        <Icon_MainIcon>delphi_PROJECTICON.ico</Icon_MainIcon>
    </PropertyGroup>
    <PropertyGroup Condition="'$(Cfg_1)'!=''">
        <DCC_LocalDebugSymbols>false</DCC_LocalDebugSymbols>
        <DCC_Define>RELEASE;$(DCC_Define)</DCC_Define>
        <DCC_SymbolReferenceInfo>0</DCC_SymbolReferenceInfo>
        <DCC_DebugInformation>false</DCC_DebugInformation>
    </PropertyGroup>
    <PropertyGroup Condition="'$(Cfg_1_Win32)'!=''">
        <VerInfo_Locale>1033</VerInfo_Locale>
    </PropertyGroup>
    <PropertyGroup Condition="'$(Cfg_2)'!=''">
        <DCC_Define>DEBUG;$(DCC_Define)</DCC_Define>
    </PropertyGroup>
    <PropertyGroup Condition="'$(Cfg_2_Win32)'!=''">
        <VerInfo_Locale>1033</VerInfo_Locale>
    </PropertyGroup>
    <ItemGroup>
        <DelphiCompile Include="$(MainSource)">
            <MainSource>MainSource</MainSource>
        </DelphiCompile>
        <DCCReference Include="rtl.dcp"/>
        <DCCReference Include="vcl.dcp"/>
        <DCCReference Include="vclimg.dcp"/>
        <DCCReference Include="vcldb.dcp"/>
        <DCCReference Include="dbrtl.dcp"/>
        <DCCReference Include="inet.dcp"/>
        <DCCReference Include="iw12tmsgriddxe4.dcp"/>
        <DCCReference Include="iw12tmsdxe4.dcp"/>
        <DCCReference Include="Intraweb_120_180.dcp"/>
        <DCCReference Include="dclIntraweb_120_180.dcp"/>
        <DCCReference Include="..\Componenti_meIW\meIWActiveX.pas"/>
        <DCCReference Include="..\Componenti_meIW\meIWApplet.pas"/>
        <DCCReference Include="..\Componenti_meIW\meIWBaseSilverlight.pas"/>
        <DCCReference Include="..\Componenti_meIW\meIWButton.pas"/>
        <DCCReference Include="..\Componenti_meIW\meIWCalendar.pas"/>
        <DCCReference Include="..\Componenti_meIW\meIWCheckBox.pas"/>
        <DCCReference Include="..\Componenti_meIW\meIWComboBox.pas"/>
        <DCCReference Include="..\Componenti_meIW\meIWDBCheckBox.pas"/>
        <DCCReference Include="..\Componenti_meIW\meIWDBComboBox.pas"/>
        <DCCReference Include="..\Componenti_meIW\meIWDBEdit.pas"/>
        <DCCReference Include="..\Componenti_meIW\meIWDBFile.pas"/>
        <DCCReference Include="..\Componenti_meIW\meIWDBGrid.pas"/>
        <DCCReference Include="..\Componenti_meIW\meIWDBImage.pas"/>
        <DCCReference Include="..\Componenti_meIW\meIWDBLabel.pas"/>
        <DCCReference Include="..\Componenti_meIW\meIWDBListbox.pas"/>
        <DCCReference Include="..\Componenti_meIW\meIWDBLookupComboBox.pas"/>
        <DCCReference Include="..\Componenti_meIW\meIWDBLookupListBox.pas"/>
        <DCCReference Include="..\Componenti_meIW\meIWDBMemo.pas"/>
        <DCCReference Include="..\Componenti_meIW\meIWDBNavigator.pas"/>
        <DCCReference Include="..\Componenti_meIW\meIWDBRadioGroup.pas"/>
        <DCCReference Include="..\Componenti_meIW\meIWDBText.pas"/>
        <DCCReference Include="..\Componenti_meIW\meIWEdit.pas"/>
        <DCCReference Include="..\Componenti_meIW\meIWFile.pas"/>
        <DCCReference Include="..\Componenti_meIW\meIWFlash.pas"/>
        <DCCReference Include="..\Componenti_meIW\meIWGrid.pas"/>
        <DCCReference Include="..\Componenti_meIW\meIWHRule.pas"/>
        <DCCReference Include="..\Componenti_meIW\meIWImage.pas"/>
        <DCCReference Include="..\Componenti_meIW\meIWImageButton.pas"/>
        <DCCReference Include="..\Componenti_meIW\meIWImageFile.pas"/>
        <DCCReference Include="..\Componenti_meIW\meIWLabel.pas"/>
        <DCCReference Include="..\Componenti_meIW\meIWLink.pas"/>
        <DCCReference Include="..\Componenti_meIW\meIWList.pas"/>
        <DCCReference Include="..\Componenti_meIW\meIWListbox.pas"/>
        <DCCReference Include="..\Componenti_meIW\meIWMemo.pas"/>
        <DCCReference Include="..\Componenti_meIW\meIWMenu.pas"/>
        <DCCReference Include="..\Componenti_meIW\meIWMPEG.pas"/>
        <DCCReference Include="..\Componenti_meIW\meIWOrderedListbox.pas"/>
        <DCCReference Include="..\Componenti_meIW\meIWProgressBar.pas"/>
        <DCCReference Include="..\Componenti_meIW\meIWQuickTime.pas"/>
        <DCCReference Include="..\Componenti_meIW\meIWRadioButton.pas"/>
        <DCCReference Include="..\Componenti_meIW\meIWRadioGroup.pas"/>
        <DCCReference Include="..\Componenti_meIW\meIWRectangle.pas"/>
        <DCCReference Include="..\Componenti_meIW\meIWRegion.pas"/>
        <DCCReference Include="..\Componenti_meIW\meIWSilverlightVideo.pas"/>
        <DCCReference Include="..\Componenti_meIW\meIWTabControl.pas"/>
        <DCCReference Include="..\Componenti_meIW\meIWText.pas"/>
        <DCCReference Include="..\Componenti_meIW\meIWTimeEdit.pas"/>
        <DCCReference Include="..\Componenti_meIW\meIWTimer.pas"/>
        <DCCReference Include="..\Componenti_meIW\meIWTreeView.pas"/>
        <DCCReference Include="..\Componenti_meIW\meIWURL.pas"/>
        <DCCReference Include="..\Componenti_meIW\meIWURLWindow.pas"/>
        <DCCReference Include="..\Componenti_meIW\meTIWAdvCheckGroup.pas"/>
        <DCCReference Include="..\Componenti_meIW\meTIWAdvDateEdit.pas"/>
        <DCCReference Include="..\Componenti_meIW\meTIWAdvDetailWebGrid.pas"/>
        <DCCReference Include="..\Componenti_meIW\meTIWAdvEdit.pas"/>
        <DCCReference Include="..\Componenti_meIW\meTIWAdvImage.pas"/>
        <DCCReference Include="..\Componenti_meIW\meTIWAdvImageButton.pas"/>
        <DCCReference Include="..\Componenti_meIW\meTIWAdvLUEdit.pas"/>
        <DCCReference Include="..\Componenti_meIW\meTIWAdvRadioGroup.pas"/>
        <DCCReference Include="..\Componenti_meIW\meTIWAdvSelector.pas"/>
        <DCCReference Include="..\Componenti_meIW\meTIWAdvSpinEdit.pas"/>
        <DCCReference Include="..\Componenti_meIW\meTIWAdvTimeEdit.pas"/>
        <DCCReference Include="..\Componenti_meIW\meTIWAdvToolButton.pas"/>
        <DCCReference Include="..\Componenti_meIW\meTIWAdvTreeView.pas"/>
        <DCCReference Include="..\Componenti_meIW\meTIWAdvWebGrid.pas"/>
        <DCCReference Include="..\Componenti_meIW\meTIWAutoFormFill.pas"/>
        <DCCReference Include="..\Componenti_meIW\meTIWCalculatingLabel.pas"/>
        <DCCReference Include="..\Componenti_meIW\meTIWCalendar.pas"/>
        <DCCReference Include="..\Componenti_meIW\meTIWCaptchaImage.pas"/>
        <DCCReference Include="..\Componenti_meIW\meTIWCCExpEdit.pas"/>
        <DCCReference Include="..\Componenti_meIW\meTIWCCNumEdit.pas"/>
        <DCCReference Include="..\Componenti_meIW\meTIWCheckList.pas"/>
        <DCCReference Include="..\Componenti_meIW\meTIWCheckListBox.pas"/>
        <DCCReference Include="..\Componenti_meIW\meTIWClientCode.pas"/>
        <DCCReference Include="..\Componenti_meIW\meTIWClientDebugOut.pas"/>
        <DCCReference Include="..\Componenti_meIW\meTIWClientWatch.pas"/>
        <DCCReference Include="..\Componenti_meIW\meTIWClock.pas"/>
        <DCCReference Include="..\Componenti_meIW\meTIWColorComboBox.pas"/>
        <DCCReference Include="..\Componenti_meIW\meTIWColorPicker.pas"/>
        <DCCReference Include="..\Componenti_meIW\meTIWComboListLink.pas"/>
        <DCCReference Include="..\Componenti_meIW\meTIWCountryComboBox.pas"/>
        <DCCReference Include="..\Componenti_meIW\meTIWDateLabel.pas"/>
        <DCCReference Include="..\Componenti_meIW\meTIWDatePicker.pas"/>
        <DCCReference Include="..\Componenti_meIW\meTIWDateSelector.pas"/>
        <DCCReference Include="..\Componenti_meIW\meTIWDBAdvCheckGroup.pas"/>
        <DCCReference Include="..\Componenti_meIW\meTIWDBAdvDateEdit.pas"/>
        <DCCReference Include="..\Componenti_meIW\meTIWDBAdvDetailWebGrid.pas"/>
        <DCCReference Include="..\Componenti_meIW\meTIWDBAdvEdit.pas"/>
        <DCCReference Include="..\Componenti_meIW\meTIWDBAdvLUEdit.pas"/>
        <DCCReference Include="..\Componenti_meIW\meTIWDBAdvRadioGroup.pas"/>
        <DCCReference Include="..\Componenti_meIW\meTIWDBAdvSpinEdit.pas"/>
        <DCCReference Include="..\Componenti_meIW\meTIWDBAdvTimeEdit.pas"/>
        <DCCReference Include="..\Componenti_meIW\meTIWDBAdvWebGrid.pas"/>
        <DCCReference Include="..\Componenti_meIW\meTIWDBCalendar.pas"/>
        <DCCReference Include="..\Componenti_meIW\meTIWDBCountryComboBox.pas"/>
        <DCCReference Include="..\Componenti_meIW\meTIWDBDatePicker.pas"/>
        <DCCReference Include="..\Componenti_meIW\meTIWDBHTMLEdit.pas"/>
        <DCCReference Include="..\Componenti_meIW\meTIWDBHTMLLabel.pas"/>
        <DCCReference Include="..\Componenti_meIW\meTIWDBScrollPanel.pas"/>
        <DCCReference Include="..\Componenti_meIW\meTIWDBSmartPanel.pas"/>
        <DCCReference Include="..\Componenti_meIW\meTIWDBStateComboBox.pas"/>
        <DCCReference Include="..\Componenti_meIW\meTIWDocumentPopupMenu.pas"/>
        <DCCReference Include="..\Componenti_meIW\meTIWEditListLink.pas"/>
        <DCCReference Include="..\Componenti_meIW\meTIWEmailEdit.pas"/>
        <DCCReference Include="..\Componenti_meIW\meTIWExchangeBar.pas"/>
        <DCCReference Include="..\Componenti_meIW\meTIWFadeImage.pas"/>
        <DCCReference Include="..\Componenti_meIW\meTIWFilePicker.pas"/>
        <DCCReference Include="..\Componenti_meIW\meTIWGradient.pas"/>
        <DCCReference Include="..\Componenti_meIW\meTIWGradientLabel.pas"/>
        <DCCReference Include="..\Componenti_meIW\meTIWHelpTip.pas"/>
        <DCCReference Include="..\Componenti_meIW\meTIWHotSpotImage.pas"/>
        <DCCReference Include="..\Componenti_meIW\meTIWHTMLCheckBox.pas"/>
        <DCCReference Include="..\Componenti_meIW\meTIWHTMLEdit.pas"/>
        <DCCReference Include="..\Componenti_meIW\meTIWHTMLLabel.pas"/>
        <DCCReference Include="..\Componenti_meIW\meTIWHTMLList.pas"/>
        <DCCReference Include="..\Componenti_meIW\meTIWHTMLRadioGroup.pas"/>
        <DCCReference Include="..\Componenti_meIW\meTIWListLink.pas"/>
        <DCCReference Include="..\Componenti_meIW\meTIWListOrganizer.pas"/>
        <DCCReference Include="..\Componenti_meIW\meTIWMainMenu.pas"/>
        <DCCReference Include="..\Componenti_meIW\meTIWMonthPlanner.pas"/>
        <DCCReference Include="..\Componenti_meIW\meTIWNoSpamEmailLabel.pas"/>
        <DCCReference Include="..\Componenti_meIW\meTIWOutlookBar.pas"/>
        <DCCReference Include="..\Componenti_meIW\meTIWPaintBox.pas"/>
        <DCCReference Include="..\Componenti_meIW\meTIWPersistentEdit.pas"/>
        <DCCReference Include="..\Componenti_meIW\meTIWPopupMenuButton.pas"/>
        <DCCReference Include="..\Componenti_meIW\meTIWPopupMenuLabel.pas"/>
        <DCCReference Include="..\Componenti_meIW\meTIWRadioButton.pas"/>
        <DCCReference Include="..\Componenti_meIW\meTIWScrollBarColors.pas"/>
        <DCCReference Include="..\Componenti_meIW\meTIWScrollBarPersistence.pas"/>
        <DCCReference Include="..\Componenti_meIW\meTIWScrollPanel.pas"/>
        <DCCReference Include="..\Componenti_meIW\meTIWSideMenu.pas"/>
        <DCCReference Include="..\Componenti_meIW\meTIWSideNavBar.pas"/>
        <DCCReference Include="..\Componenti_meIW\meTIWSmartPanel.pas"/>
        <DCCReference Include="..\Componenti_meIW\meTIWSmoothGauge.pas"/>
        <DCCReference Include="..\Componenti_meIW\meTIWSmoothLabel.pas"/>
        <DCCReference Include="..\Componenti_meIW\meTIWSmoothLEDLabel.pas"/>
        <DCCReference Include="..\Componenti_meIW\meTIWSmoothTimeLine.pas"/>
        <DCCReference Include="..\Componenti_meIW\meTIWStateComboBox.pas"/>
        <DCCReference Include="..\Componenti_meIW\meTIWStaticMenu.pas"/>
        <DCCReference Include="..\Componenti_meIW\meTIWTextAreaLimiter.pas"/>
        <DCCReference Include="..\Componenti_meIW\meTIWTickerPanel.pas"/>
        <DCCReference Include="..\Componenti_meIW\meIWImageList.pas"/>
        <BuildConfiguration Include="Debug">
            <Key>Cfg_2</Key>
            <CfgParent>Base</CfgParent>
        </BuildConfiguration>
        <BuildConfiguration Include="Base">
            <Key>Base</Key>
        </BuildConfiguration>
        <BuildConfiguration Include="Release">
            <Key>Cfg_1</Key>
            <CfgParent>Base</CfgParent>
        </BuildConfiguration>
    </ItemGroup>
    <Import Project="$(BDS)\Bin\CodeGear.Delphi.Targets" Condition="Exists('$(BDS)\Bin\CodeGear.Delphi.Targets')"/>
    <ProjectExtensions>
        <Borland.Personality>Delphi.Personality.12</Borland.Personality>
        <Borland.ProjectType>Package</Borland.ProjectType>
        <BorlandProject>
            <Delphi.Personality>
                <Parameters>
                    <Parameters Name="UseLauncher">False</Parameters>
                    <Parameters Name="LoadAllSymbols">True</Parameters>
                    <Parameters Name="LoadUnspecifiedSymbols">False</Parameters>
                </Parameters>
                <VersionInfo>
                    <VersionInfo Name="IncludeVerInfo">True</VersionInfo>
                    <VersionInfo Name="AutoIncBuild">False</VersionInfo>
                    <VersionInfo Name="MajorVer">1</VersionInfo>
                    <VersionInfo Name="MinorVer">0</VersionInfo>
                    <VersionInfo Name="Release">0</VersionInfo>
                    <VersionInfo Name="Build">0</VersionInfo>
                    <VersionInfo Name="Debug">False</VersionInfo>
                    <VersionInfo Name="PreRelease">False</VersionInfo>
                    <VersionInfo Name="Special">False</VersionInfo>
                    <VersionInfo Name="Private">False</VersionInfo>
                    <VersionInfo Name="DLL">False</VersionInfo>
                    <VersionInfo Name="Locale">1040</VersionInfo>
                    <VersionInfo Name="CodePage">1252</VersionInfo>
                </VersionInfo>
                <VersionInfoKeys>
                    <VersionInfoKeys Name="CompanyName"/>
                    <VersionInfoKeys Name="FileDescription"/>
                    <VersionInfoKeys Name="FileVersion">1.0.0.0</VersionInfoKeys>
                    <VersionInfoKeys Name="InternalName"/>
                    <VersionInfoKeys Name="LegalCopyright"/>
                    <VersionInfoKeys Name="LegalTrademarks"/>
                    <VersionInfoKeys Name="OriginalFilename"/>
                    <VersionInfoKeys Name="ProductName"/>
                    <VersionInfoKeys Name="ProductVersion">1.0.0.0</VersionInfoKeys>
                    <VersionInfoKeys Name="Comments"/>
                </VersionInfoKeys>
                <Source>
                    <Source Name="MainSource">rcl_meIW12Components.dpk</Source>
                </Source>
                <Excluded_Packages>
                    <Excluded_Packages Name="$(BDSBIN)\QR506DesignDXE4.bpl">File c:\program files (x86)\embarcadero\rad studio\11.0\bin\QR506DesignDXE4.bpl not found</Excluded_Packages>
                    <Excluded_Packages Name="$(BDSBIN)\dcloffice2k180.bpl">Microsoft Office 2000 Sample Automation Server Wrapper Components</Excluded_Packages>
                    <Excluded_Packages Name="$(BDSBIN)\dclofficexp180.bpl">Microsoft Office XP Sample Automation Server Wrapper Components</Excluded_Packages>
                </Excluded_Packages>
            </Delphi.Personality>
            <Platforms>
                <Platform value="iOSDevice">False</Platform>
                <Platform value="iOSSimulator">False</Platform>
                <Platform value="Win32">True</Platform>
                <Platform value="Win64">False</Platform>
            </Platforms>
        </BorlandProject>
        <ProjectFileVersion>12</ProjectFileVersion>
    </ProjectExtensions>
    <Import Project="$(APPDATA)\Embarcadero\$(BDSAPPDATABASEDIR)\$(PRODUCTVERSION)\UserTools.proj" Condition="Exists('$(APPDATA)\Embarcadero\$(BDSAPPDATABASEDIR)\$(PRODUCTVERSION)\UserTools.proj')"/>
</Project>
