<Project xmlns="http://schemas.microsoft.com/developer/msbuild/2003">
    <PropertyGroup>
        <ProjectGuid>{AA6CFB17-6615-4E10-8F3B-F7502DF42F29}</ProjectGuid>
        <MainSource>W000PIrisWEB_IIS.dpr</MainSource>
        <Config Condition="'$(Config)'==''">Debug</Config>
        <DCC_DCCCompiler>DCC32</DCC_DCCCompiler>
        <ProjectVersion>18.4</ProjectVersion>
        <FrameworkType>None</FrameworkType>
        <Base>True</Base>
        <Platform Condition="'$(Platform)'==''">Win32</Platform>
        <TargetedPlatforms>1</TargetedPlatforms>
        <AppType>Library</AppType>
    </PropertyGroup>
    <PropertyGroup Condition="'$(Config)'=='Base' or '$(Base)'!=''">
        <Base>true</Base>
    </PropertyGroup>
    <PropertyGroup Condition="('$(Platform)'=='Win32' and '$(Base)'=='true') or '$(Base_Win32)'!=''">
        <Base_Win32>true</Base_Win32>
        <CfgParent>Base</CfgParent>
        <Base>true</Base>
    </PropertyGroup>
    <PropertyGroup Condition="('$(Platform)'=='Win64' and '$(Base)'=='true') or '$(Base_Win64)'!=''">
        <Base_Win64>true</Base_Win64>
        <CfgParent>Base</CfgParent>
        <Base>true</Base>
    </PropertyGroup>
    <PropertyGroup Condition="'$(Config)'=='Release' or '$(Cfg_1)'!=''">
        <Cfg_1>true</Cfg_1>
        <CfgParent>Base</CfgParent>
        <Base>true</Base>
    </PropertyGroup>
    <PropertyGroup Condition="('$(Platform)'=='Win32' and '$(Cfg_1)'=='true') or '$(Cfg_1_Win32)'!=''">
        <Cfg_1_Win32>true</Cfg_1_Win32>
        <CfgParent>Cfg_1</CfgParent>
        <Cfg_1>true</Cfg_1>
        <Base>true</Base>
    </PropertyGroup>
    <PropertyGroup Condition="'$(Config)'=='Debug' or '$(Cfg_2)'!=''">
        <Cfg_2>true</Cfg_2>
        <CfgParent>Base</CfgParent>
        <Base>true</Base>
    </PropertyGroup>
    <PropertyGroup Condition="('$(Platform)'=='Win32' and '$(Cfg_2)'=='true') or '$(Cfg_2_Win32)'!=''">
        <Cfg_2_Win32>true</Cfg_2_Win32>
        <CfgParent>Cfg_2</CfgParent>
        <Cfg_2>true</Cfg_2>
        <Base>true</Base>
    </PropertyGroup>
    <PropertyGroup Condition="'$(Base)'!=''">
        <Manifest_File>None</Manifest_File>
        <DCC_Namespace>System;Xml;Data;Datasnap;Web;Soap;Web.Win;Winapi;Vcl;System.Win;Vcl.Samples;Xml.Win;Datasnap.Win;$(DCC_Namespace)</DCC_Namespace>
        <VerInfo_Locale>1040</VerInfo_Locale>
        <VerInfo_Keys>CompanyName=;FileDescription=;FileVersion=1.0.0.0;InternalName=;LegalCopyright=;LegalTrademarks=;OriginalFilename=;ProductName=;ProductVersion=1.0.0.0;Comments=</VerInfo_Keys>
        <DCC_UnitAlias>IWGrids=IWCompGrids;IWGridCommon=IWCompGridCommon;IWExtCtrls=IWCompExtCtrls;SWStrings=IWStrings;SWSystem=IWSystem;IWJQueryWidget=IWCompJQueryWidget;IWSilverLight=IWCompSilverLight;IWProgressIndicator=IWCompProgressIndicator;IWTreeView=IWCompTreeView;IWCompEdit_=IWCompFile_;$(DCC_UnitAlias)</DCC_UnitAlias>
        <DCC_IntegerOverflowCheck>true</DCC_IntegerOverflowCheck>
        <DCC_IMPLICIT_STRING_CAST>false</DCC_IMPLICIT_STRING_CAST>
        <DCC_SYMBOL_PLATFORM>false</DCC_SYMBOL_PLATFORM>
        <DCC_WIDECHAR_REDUCED>false</DCC_WIDECHAR_REDUCED>
        <DCC_RangeChecking>true</DCC_RangeChecking>
        <DCC_UnitSearchPath>..\Componenti_meIW;..\Copy;..\Componenti;..\Repositary;..\PJCondivisi;..\PJRilPre;..\MWRilPre;..\MWCondivisi;..\PJCloudRilPre;..\PJCloudCondivisi;..\PJServizi;..\PJCloudCondivisi;..\MWCondivisi;$(DCC_UnitSearchPath)</DCC_UnitSearchPath>
        <DCC_ExeOutput>..\Eseguibili</DCC_ExeOutput>
        <DCC_ImageBase>00400000</DCC_ImageBase>
        <DCC_DependencyCheckOutputName>..\Eseguibili\W000PIrisWEB_IIS.dll</DCC_DependencyCheckOutputName>
        <DCC_Platform>x86</DCC_Platform>
        <DCC_Define>IRISWEB;$(DCC_Define)</DCC_Define>
        <DCC_UsePackage>P001STANDARD;$(DCC_UsePackage)</DCC_UsePackage>
        <DCC_N>true</DCC_N>
        <DCC_K>false</DCC_K>
        <GenDll>true</GenDll>
        <DCC_S>false</DCC_S>
        <DCC_DcuOutput>dcu</DCC_DcuOutput>
        <DCC_SymbolReferenceInfo>1</DCC_SymbolReferenceInfo>
        <DCC_F>false</DCC_F>
        <DCC_E>false</DCC_E>
        <SanitizedProjectName>W000PIrisWEB_IIS</SanitizedProjectName>
    </PropertyGroup>
    <PropertyGroup Condition="'$(Base_Win32)'!=''">
        <VerInfo_Locale>1033</VerInfo_Locale>
        <DCC_Namespace>Data.Win;Soap.Win;Bde;$(DCC_Namespace)</DCC_Namespace>
        <Debugger_RunParams>-debug</Debugger_RunParams>
        <Debugger_HostApplication>C:\Windows\System32\inetsrv\w3wp.exe</Debugger_HostApplication>
        <VerInfo_IncludeVerInfo>true</VerInfo_IncludeVerInfo>
    </PropertyGroup>
    <PropertyGroup Condition="'$(Base_Win64)'!=''">
        <Icon_MainIcon>delphi_PROJECTICON.ico</Icon_MainIcon>
    </PropertyGroup>
    <PropertyGroup Condition="'$(Cfg_1)'!=''">
        <DCC_LocalDebugSymbols>false</DCC_LocalDebugSymbols>
        <DCC_Define>RELEASE;$(DCC_Define)</DCC_Define>
        <DCC_SymbolReferenceInfo>0</DCC_SymbolReferenceInfo>
        <DCC_DebugInformation>0</DCC_DebugInformation>
    </PropertyGroup>
    <PropertyGroup Condition="'$(Cfg_1_Win32)'!=''">
        <VerInfo_IncludeVerInfo>true</VerInfo_IncludeVerInfo>
        <VerInfo_Locale>1033</VerInfo_Locale>
    </PropertyGroup>
    <PropertyGroup Condition="'$(Cfg_2)'!=''">
        <DCC_GenerateStackFrames>true</DCC_GenerateStackFrames>
        <DCC_Define>DEBUG;EUREKALOG;EUREKALOG_VER6;$(DCC_Define)</DCC_Define>
    </PropertyGroup>
    <PropertyGroup Condition="'$(Cfg_2_Win32)'!=''">
        <VerInfo_IncludeVerInfo>true</VerInfo_IncludeVerInfo>
        <VerInfo_Locale>1033</VerInfo_Locale>
    </PropertyGroup>
    <ItemGroup>
        <DelphiCompile Include="$(MainSource)">
            <MainSource>MainSource</MainSource>
        </DelphiCompile>
        <DCCReference Include="..\Copy\L021Call.pas"/>
        <DCCReference Include="..\Copy\A000UInterfaccia.pas">
            <Form>A000ServerController</Form>
            <DesignClass>TDataModule</DesignClass>
        </DCCReference>
        <DCCReference Include="..\Copy\A000Versione.pas"/>
        <DCCReference Include="..\repositary\R005UDataModuleMW.pas">
            <Form>R005FDataModuleMW</Form>
            <DesignClass>TDataModule</DesignClass>
        </DCCReference>
        <DCCReference Include="..\Repositary\R010UPaginaWeb.pas">
            <Form>R010FPaginaWeb</Form>
            <DesignClass>TIWAppForm</DesignClass>
        </DCCReference>
        <DCCReference Include="..\Repositary\R012UWebAnagrafico.pas">
            <Form>R012FWebAnagrafico</Form>
            <DesignClass>TIWAppForm</DesignClass>
        </DCCReference>
        <DCCReference Include="..\Repositary\R013UIterBase.pas">
            <Form>R013FIterBase</Form>
            <DesignClass>TIWAppForm</DesignClass>
        </DCCReference>
        <DCCReference Include="..\Copy\C017UEMailDtM.pas">
            <Form>C017FEMailDtM</Form>
            <DesignClass>TDataModule</DesignClass>
        </DCCReference>
        <DCCReference Include="..\Copy\C018UIterAutDM.pas">
            <Form>C018FIterAutDM</Form>
            <DesignClass>TDataModule</DesignClass>
        </DCCReference>
        <DCCReference Include="..\Copy\C180FunzioniGenerali.pas"/>
        <DCCReference Include="..\Copy\C190FunzioniGeneraliWeb.pas"/>
        <DCCReference Include="..\Copy\WC001ULegendaCalendarioFM.pas">
            <Form>WC001FLegendaCalendarioFM</Form>
            <DesignClass>TFrame</DesignClass>
        </DCCReference>
        <DCCReference Include="..\Copy\WC002UDatiAnagraficiFM.pas">
            <Form>WC002FDatiAnagraficiFM</Form>
            <DesignClass>TFrame</DesignClass>
        </DCCReference>
        <DCCReference Include="..\Copy\WC002UStoriaDipendenteFM.pas">
            <Form>WC002FStoriaDipendenteFM</Form>
            <DesignClass>TFrame</DesignClass>
        </DCCReference>
        <DCCReference Include="..\Copy\WC012UVisualizzaFileFM.pas">
            <Form>WC012FVisualizzaFileFM</Form>
            <DesignClass>TFrame</DesignClass>
        </DCCReference>
        <DCCReference Include="..\Copy\WC018URiepilogoIterFM.pas">
            <Form>WC018FRiepilogoIterFM</Form>
            <DesignClass>TFrame</DesignClass>
        </DCCReference>
        <DCCReference Include="W001UIrisWebDtM.pas">
            <Form>W001FIrisWebDtM</Form>
            <DesignClass>TDataModule</DesignClass>
        </DCCReference>
        <DCCReference Include="W001ULogin.pas">
            <Form>W001FLogin</Form>
            <DesignClass>TIWAppForm</DesignClass>
        </DCCReference>
        <DCCReference Include="W002UAnagrafeElenco.pas">
            <Form>W002FAnagrafeElenco</Form>
            <DesignClass>TIWAppForm</DesignClass>
        </DCCReference>
        <DCCReference Include="W002UAnagrafeScheda.pas">
            <Form>W002FAnagrafeScheda</Form>
            <DesignClass>TIWAppForm</DesignClass>
        </DCCReference>
        <DCCReference Include="W002URicercaAnagrafe.pas">
            <Form>W002FRicercaAnagrafe</Form>
            <DesignClass>TIWAppForm</DesignClass>
        </DCCReference>
        <DCCReference Include="W003UAnomalie.pas">
            <Form>W003FAnomalie</Form>
            <DesignClass>TIWAppForm</DesignClass>
        </DCCReference>
        <DCCReference Include="W004UReperibilita.pas">
            <Form>W004FReperibilita</Form>
            <DesignClass>TIWAppForm</DesignClass>
        </DCCReference>
        <DCCReference Include="W005UCartellino.pas">
            <Form>W005FCartellino</Form>
            <DesignClass>TIWAppForm</DesignClass>
        </DCCReference>
        <DCCReference Include="W005UCartellinoDtm.pas">
            <Form>W005FCartellinoDtm</Form>
            <DesignClass>TDataModule</DesignClass>
        </DCCReference>
        <DCCReference Include="W006UListaReperibili.pas">
            <Form>W006FListaReperibili</Form>
            <DesignClass>TIWAppForm</DesignClass>
        </DCCReference>
        <DCCReference Include="W008UGiustificativi.pas">
            <Form>W008FGiustificativi</Form>
            <DesignClass>TIWAppForm</DesignClass>
        </DCCReference>
        <DCCReference Include="W009UStampaCartellino.pas">
            <Form>W009FStampaCartellino</Form>
            <DesignClass>TIWAppForm</DesignClass>
        </DCCReference>
        <DCCReference Include="W009UStampaCartellinoDtm.pas">
            <Form>W009FStampaCartellinoDtm</Form>
            <DesignClass>TDataModule</DesignClass>
        </DCCReference>
        <DCCReference Include="W010URichiestaAssenze.pas">
            <Form>W010FRichiestaAssenze</Form>
            <DesignClass>TIWAppForm</DesignClass>
        </DCCReference>
        <DCCReference Include="W010UCalcoloCompetenzeFM.pas">
            <Form>W010FCalcoloCompetenzeFM</Form>
            <DesignClass>TFrame</DesignClass>
        </DCCReference>
        <DCCReference Include="W010URichiestaAssenzeDM.pas">
            <Form>W010FRichiestaAssenzeDM</Form>
            <DesignClass>TDataModule</DesignClass>
        </DCCReference>
        <DCCReference Include="W011UNotificheElaborazioni.pas">
            <Form>W011FNotificheElaborazioni</Form>
            <DesignClass>TIWAppForm</DesignClass>
        </DCCReference>
        <DCCReference Include="W012UCurriculum.pas">
            <Form>W012FCurriculum</Form>
            <DesignClass>TIWAppForm</DesignClass>
        </DCCReference>
        <DCCReference Include="W013UPreferenze.pas">
            <Form>W013FPreferenze</Form>
            <DesignClass>TIWAppForm</DesignClass>
        </DCCReference>
        <DCCReference Include="W014UPianifCorsi.pas">
            <Form>W014FPianifCorsi</Form>
            <DesignClass>TIWAppForm</DesignClass>
        </DCCReference>
        <DCCReference Include="W015UServerStampe.pas">
            <Form>W015FServerStampe</Form>
            <DesignClass>TIWAppForm</DesignClass>
        </DCCReference>
        <DCCReference Include="W016UAccessiMensa.pas">
            <Form>W016FAccessiMensa</Form>
            <DesignClass>TIWAppForm</DesignClass>
        </DCCReference>
        <DCCReference Include="W017UStampaCedolino.pas">
            <Form>W017FStampaCedolino</Form>
            <DesignClass>TIWAppForm</DesignClass>
        </DCCReference>
        <DCCReference Include="W018URichiestaTimbrature.pas">
            <Form>W018FRichiestaTimbrature</Form>
            <DesignClass>TIWAppForm</DesignClass>
        </DCCReference>
        <DCCReference Include="W018URiepilogoEccedenzeFM.pas">
            <Form>W018FRiepilogoEccedenzeFM</Form>
            <DesignClass>TFrame</DesignClass>
        </DCCReference>
        <DCCReference Include="W018URichiestaTimbratureDM.pas">
            <Form>W018FRichiestaTimbratureDM</Form>
            <DesignClass>TDataModule</DesignClass>
        </DCCReference>
        <DCCReference Include="W019UGestioneDeleghe.pas">
            <Form>W019FGestioneDeleghe</Form>
            <DesignClass>TIWAppForm</DesignClass>
        </DCCReference>
        <DCCReference Include="W020UCambioProfilo.pas">
            <Form>W020FCambioProfilo</Form>
            <DesignClass>TIWAppForm</DesignClass>
        </DCCReference>
        <DCCReference Include="W021UStampaCUD.pas">
            <Form>W021FStampaCUD</Form>
            <DesignClass>TIWAppForm</DesignClass>
        </DCCReference>
        <DCCReference Include="W022UDettaglioValutazioni.pas">
            <Form>W022FDettaglioValutazioni</Form>
            <DesignClass>TIWAppForm</DesignClass>
        </DCCReference>
        <DCCReference Include="W022USchedaValutazioni.pas">
            <Form>W022FSchedaValutazioni</Form>
            <DesignClass>TIWAppForm</DesignClass>
        </DCCReference>
        <DCCReference Include="W022USchedaValutazioniDtM.pas">
            <Form>W022FSchedaValutazioniDtM</Form>
            <DesignClass>TDataModule</DesignClass>
        </DCCReference>
        <DCCReference Include="W022URiepilogoSchedeFM.pas">
            <Form>W022FRiepilogoSchedeFM</Form>
            <DesignClass>TFrame</DesignClass>
        </DCCReference>
        <DCCReference Include="W023UPianifOrari.pas">
            <Form>W023FPianifOrari</Form>
            <DesignClass>TIWAppForm</DesignClass>
        </DCCReference>
        <DCCReference Include="W024URichiestaStraordinari.pas">
            <Form>W024FRichiestaStraordinari</Form>
            <DesignClass>TIWAppForm</DesignClass>
        </DCCReference>
        <DCCReference Include="W024URichiestaStraordinariDM.pas">
            <Form>W024FRichiestaStraordinariDM</Form>
            <DesignClass>TDataModule</DesignClass>
        </DCCReference>
        <DCCReference Include="W025UCambioOrario.pas">
            <Form>W025FCambioOrario</Form>
            <DesignClass>TIWAppForm</DesignClass>
        </DCCReference>
        <DCCReference Include="W025UCambioOrarioDM.pas">
            <Form>W025FCambioOrarioDM</Form>
            <DesignClass>TDataModule</DesignClass>
        </DCCReference>
        <DCCReference Include="W026URichiestaStrGG.pas">
            <Form>W026FRichiestaStrGG</Form>
            <DesignClass>TIWAppForm</DesignClass>
        </DCCReference>
        <DCCReference Include="W026URichiestaStrGGDM.pas">
            <Form>W026FRichiestaStrGGDM</Form>
            <DesignClass>TDataModule</DesignClass>
        </DCCReference>
        <DCCReference Include="W027UDetrazioniIRPEF.pas">
            <Form>W027FDetrazioniIRPEF</Form>
            <DesignClass>TIWAppForm</DesignClass>
        </DCCReference>
        <DCCReference Include="W028UChiamateReperibili.pas">
            <Form>W028FChiamateReperibili</Form>
            <DesignClass>TIWAppForm</DesignClass>
        </DCCReference>
        <DCCReference Include="W029UPesatureIndividuali.pas">
            <Form>W029FPesatureIndividuali</Form>
            <DesignClass>TIWAppForm</DesignClass>
        </DCCReference>
        <DCCReference Include="W030UTabelloneTurni.pas">
            <Form>W030FTabelloneTurni</Form>
            <DesignClass>TIWAppForm</DesignClass>
        </DCCReference>
        <DCCReference Include="W031USchedeQuantIndividuali.pas">
            <Form>W031FSchedeQuantIndividuali</Form>
            <DesignClass>TIWAppForm</DesignClass>
        </DCCReference>
        <DCCReference Include="W031USchedeQuantPosizionatiFM.pas">
            <Form>W031FSchedeQuantPosizionatiFM</Form>
            <DesignClass>TFrame</DesignClass>
        </DCCReference>
        <DCCReference Include="W032URichiestaMissioni.pas">
            <Form>W032FRichiestaMissioni</Form>
            <DesignClass>TIWAppForm</DesignClass>
        </DCCReference>
        <DCCReference Include="W032URichiestaMissioniDM.pas">
            <Form>W032FRichiestaMissioniDM</Form>
            <DesignClass>TDataModule</DesignClass>
        </DCCReference>
        <DCCReference Include="W033UProspettoAssenze.pas">
            <Form>W033FProspettoAssenze</Form>
            <DesignClass>TIWAppForm</DesignClass>
        </DCCReference>
        <DCCReference Include="W033UAutorizzazioneAssenzeFM.pas">
            <Form>W033FAutorizzazioneAssenzeFM</Form>
            <DesignClass>TFrame</DesignClass>
        </DCCReference>
        <DCCReference Include="W033ULegendaAssenzeFM.pas">
            <Form>W033FLegendaAssenzeFM</Form>
            <DesignClass>TFrame</DesignClass>
        </DCCReference>
        <DCCReference Include="W033UProspettoAssenzeDM.pas">
            <Form>W033FProspettoAssenzeDM</Form>
            <DesignClass>TDataModule</DesignClass>
        </DCCReference>
        <DCCReference Include="..\Repositary\WR010UBase.pas">
            <Form>WR010FBase</Form>
            <DesignClass>TIWAppForm</DesignClass>
        </DCCReference>
        <DCCReference Include="..\Repositary\WR000UBaseDM.pas">
            <Form>WR000FBaseDM</Form>
            <DesignClass>TDataModule</DesignClass>
        </DCCReference>
        <DCCReference Include="W034UPubblicazioneDocumenti.pas">
            <Form>W034FPubblicazioneDocumenti</Form>
            <DesignClass>TIWAppForm</DesignClass>
        </DCCReference>
        <DCCReference Include="W034UPubblicazioneDocumentiDM.pas">
            <Form>W034FPubblicazioneDocumentiDM</Form>
            <DesignClass>TDataModule</DesignClass>
        </DCCReference>
        <DCCReference Include="..\Repositary\WR206UMenuFM.pas">
            <Form>WR206FMenuFM</Form>
            <DesignClass>TFrame</DesignClass>
        </DCCReference>
        <DCCReference Include="..\Copy\WC501UMenuIrisWebFM.pas">
            <Form>WC501FMenuIrisWebFM</Form>
            <DesignClass>TFrame</DesignClass>
        </DCCReference>
        <DCCReference Include="..\MWRilPre\A118UPubblicazioneDocumentiMW.pas">
            <Form>A118FPubblicazioneDocumentiMW</Form>
            <DesignClass>TDataModule</DesignClass>
        </DCCReference>
        <DCCReference Include="W010UCancPeriodoFM.pas">
            <Form>W010FCancPeriodoFM</Form>
            <DesignClass>TFrame</DesignClass>
        </DCCReference>
        <DCCReference Include="W035UMessaggistica.pas">
            <Form>W035FMessaggistica</Form>
            <DesignClass>TIWAppForm</DesignClass>
        </DCCReference>
        <DCCReference Include="W035UMessaggisticaDM.pas">
            <Form>W035FMessaggisticaDM</Form>
            <DesignClass>TDataModule</DesignClass>
        </DCCReference>
        <DCCReference Include="..\Copy\WC000UServerAdmin.pas"/>
        <DCCReference Include="W005UCartellinoFM.pas">
            <Form>W005FCartellinoFM</Form>
            <DesignClass>TFrame</DesignClass>
        </DCCReference>
        <DCCReference Include="..\MWRilPre\A023UTimbratureMW.pas">
            <Form>A023FTimbratureMW</Form>
            <DesignClass>TDataModule</DesignClass>
        </DCCReference>
        <DCCReference Include="..\Repositary\WR200UBaseFM.pas">
            <Form>WR200FBaseFM</Form>
            <DesignClass>TFrame</DesignClass>
        </DCCReference>
        <DCCReference Include="..\Copy\WC013UCheckListFM.pas">
            <Form>WC013FCheckListFM</Form>
            <DesignClass>TFrame</DesignClass>
        </DCCReference>
        <DCCReference Include="W002UModificaDatiDM.pas">
            <Form>W002FModificaDatiDM</Form>
            <DesignClass>TDataModule</DesignClass>
        </DCCReference>
        <DCCReference Include="W002UModificaDatiFM.pas">
            <Form>W002FModificaDatiFM</Form>
            <DesignClass>TFrame</DesignClass>
        </DCCReference>
        <DCCReference Include="..\Copy\A000UCostanti.pas"/>
        <DCCReference Include="..\Copy\WC000UConfigIni.pas"/>
        <DCCReference Include="..\Copy\WC000UErrLimiteSessioni.pas"/>
        <BuildConfiguration Include="Debug">
            <Key>Cfg_2</Key>
            <CfgParent>Base</CfgParent>
        </BuildConfiguration>
        <BuildConfiguration Include="Base">
            <Key>Base</Key>
        </BuildConfiguration>
        <BuildConfiguration Include="Release">
            <Key>Cfg_1</Key>
            <CfgParent>Base</CfgParent>
        </BuildConfiguration>
    </ItemGroup>
    <Import Project="$(BDS)\Bin\CodeGear.Delphi.Targets" Condition="Exists('$(BDS)\Bin\CodeGear.Delphi.Targets')"/>
    <ProjectExtensions>
        <Borland.Personality>Delphi.Personality.12</Borland.Personality>
        <Borland.ProjectType>VCLApplication</Borland.ProjectType>
        <BorlandProject>
            <Delphi.Personality>
                <Source>
                    <Source Name="MainSource">W000PIrisWEB_IIS.dpr</Source>
                </Source>
                <Parameters>
                    <Parameters Name="RunParams">-debug</Parameters>
                    <Parameters Name="HostApplication">C:\Windows\System32\inetsrv\w3wp.exe</Parameters>
                    <Parameters Name="UseLauncher">False</Parameters>
                    <Parameters Name="LoadAllSymbols">True</Parameters>
                    <Parameters Name="LoadUnspecifiedSymbols">False</Parameters>
                </Parameters>
                <VersionInfo>
                    <VersionInfo Name="IncludeVerInfo">False</VersionInfo>
                    <VersionInfo Name="AutoIncBuild">False</VersionInfo>
                    <VersionInfo Name="MajorVer">1</VersionInfo>
                    <VersionInfo Name="MinorVer">0</VersionInfo>
                    <VersionInfo Name="Release">0</VersionInfo>
                    <VersionInfo Name="Build">0</VersionInfo>
                    <VersionInfo Name="Debug">False</VersionInfo>
                    <VersionInfo Name="PreRelease">False</VersionInfo>
                    <VersionInfo Name="Special">False</VersionInfo>
                    <VersionInfo Name="Private">False</VersionInfo>
                    <VersionInfo Name="DLL">False</VersionInfo>
                    <VersionInfo Name="Locale">1040</VersionInfo>
                    <VersionInfo Name="CodePage">1252</VersionInfo>
                </VersionInfo>
                <VersionInfoKeys>
                    <VersionInfoKeys Name="CompanyName"/>
                    <VersionInfoKeys Name="FileDescription"/>
                    <VersionInfoKeys Name="FileVersion">1.0.0.0</VersionInfoKeys>
                    <VersionInfoKeys Name="InternalName"/>
                    <VersionInfoKeys Name="LegalCopyright"/>
                    <VersionInfoKeys Name="LegalTrademarks"/>
                    <VersionInfoKeys Name="OriginalFilename"/>
                    <VersionInfoKeys Name="ProductName"/>
                    <VersionInfoKeys Name="ProductVersion">1.0.0.0</VersionInfoKeys>
                    <VersionInfoKeys Name="Comments"/>
                </VersionInfoKeys>
                <Excluded_Packages>
                    <Excluded_Packages Name="$(BDSBIN)\dcloffice2k250.bpl">Microsoft Office 2000 Sample Automation Server Wrapper Components</Excluded_Packages>
                    <Excluded_Packages Name="$(BDSBIN)\dclofficexp250.bpl">Microsoft Office XP Sample Automation Server Wrapper Components</Excluded_Packages>
                </Excluded_Packages>
            </Delphi.Personality>
            <Platforms>
                <Platform value="Linux64">False</Platform>
                <Platform value="OSX32">False</Platform>
                <Platform value="Win32">True</Platform>
                <Platform value="Win64">False</Platform>
            </Platforms>
        </BorlandProject>
        <ProjectFileVersion>12</ProjectFileVersion>
    </ProjectExtensions>
    <Import Project="$(APPDATA)\Embarcadero\$(BDSAPPDATABASEDIR)\$(PRODUCTVERSION)\UserTools.proj" Condition="Exists('$(APPDATA)\Embarcadero\$(BDSAPPDATABASEDIR)\$(PRODUCTVERSION)\UserTools.proj')"/>
</Project>
