<Project xmlns="http://schemas.microsoft.com/developer/msbuild/2003">
    <PropertyGroup>
        <ProjectGuid>{e4b1ff25-bae5-4064-a401-a3df33084151}</ProjectGuid>
        <MainSource>A047PTimbMensa.dpr</MainSource>
        <Configuration Condition=" '$(Configuration)' == '' ">Debug</Configuration>
        <DCC_DCCCompiler>DCC32</DCC_DCCCompiler>
        <DCC_DependencyCheckOutputName>..\Eseguibili\A047PTimbMensa.exe</DCC_DependencyCheckOutputName>
        <ProjectVersion>14.6</ProjectVersion>
        <Config Condition="'$(Config)'==''">Debug</Config>
        <FrameworkType>VCL</FrameworkType>
        <Base>True</Base>
        <Platform Condition="'$(Platform)'==''">Win32</Platform>
        <TargetedPlatforms>1</TargetedPlatforms>
        <AppType>Application</AppType>
    </PropertyGroup>
    <PropertyGroup Condition="'$(Config)'=='Base' or '$(Base)'!=''">
        <Base>true</Base>
    </PropertyGroup>
    <PropertyGroup Condition="('$(Platform)'=='Win32' and '$(Base)'=='true') or '$(Base_Win32)'!=''">
        <Base_Win32>true</Base_Win32>
        <CfgParent>Base</CfgParent>
        <Base>true</Base>
    </PropertyGroup>
    <PropertyGroup Condition="('$(Platform)'=='Win64' and '$(Base)'=='true') or '$(Base_Win64)'!=''">
        <Base_Win64>true</Base_Win64>
        <CfgParent>Base</CfgParent>
        <Base>true</Base>
    </PropertyGroup>
    <PropertyGroup Condition="'$(Config)'=='Release' or '$(Cfg_1)'!=''">
        <Cfg_1>true</Cfg_1>
        <CfgParent>Base</CfgParent>
        <Base>true</Base>
    </PropertyGroup>
    <PropertyGroup Condition="'$(Config)'=='Debug' or '$(Cfg_2)'!=''">
        <Cfg_2>true</Cfg_2>
        <CfgParent>Base</CfgParent>
        <Base>true</Base>
    </PropertyGroup>
    <PropertyGroup Condition="'$(Base)'!=''">
        <DCC_Namespace>Vcl;Vcl.Imaging;Vcl.Touch;Vcl.Samples;Vcl.Shell;System;Xml;Data;Datasnap;Web;Soap;Winapi;System.Win;$(DCC_Namespace)</DCC_Namespace>
        <VerInfo_Locale>1040</VerInfo_Locale>
        <VerInfo_Keys>FileVersion=1.0.0.0;ProductVersion=1.0.0.0</VerInfo_Keys>
        <DCC_DependencyCheckOutputName>A047PTimbMensa.exe</DCC_DependencyCheckOutputName>
    </PropertyGroup>
    <PropertyGroup Condition="'$(Base_Win32)'!=''">
        <DCC_Namespace>Data.Win;Datasnap.Win;Web.Win;Soap.Win;Xml.Win;Bde;$(DCC_Namespace)</DCC_Namespace>
        <VerInfo_Locale>1033</VerInfo_Locale>
        <VerInfo_IncludeVerInfo>true</VerInfo_IncludeVerInfo>
        <Icon_MainIcon>A047PTimbMensa_Icon2.ico</Icon_MainIcon>
        <VerInfo_Keys>CompanyName=;FileDescription=;FileVersion=1.0.0.0;InternalName=;LegalCopyright=;LegalTrademarks=;OriginalFilename=;ProductName=;ProductVersion=1.0.0.0;Comments=</VerInfo_Keys>
        <Manifest_File>$(BDS)\bin\default_app.manifest</Manifest_File>
    </PropertyGroup>
    <PropertyGroup Condition="'$(Base_Win64)'!=''">
        <Icon_MainIcon>A047PTimbMensa_Icon2.ico</Icon_MainIcon>
    </PropertyGroup>
    <PropertyGroup Condition="'$(Cfg_1)'!=''">
        <DCC_DependencyCheckOutputName>..\Eseguibili\A047PTimbMensa.exe</DCC_DependencyCheckOutputName>
        <Version>7.0</Version>
        <DCC_DebugInformation>False</DCC_DebugInformation>
        <DCC_WriteableConstants>True</DCC_WriteableConstants>
        <DCC_LocalDebugSymbols>False</DCC_LocalDebugSymbols>
        <DCC_SymbolReferenceInfo>0</DCC_SymbolReferenceInfo>
        <DCC_ExeOutput>..\Eseguibili</DCC_ExeOutput>
        <DCC_DcuOutput>..\DCU</DCC_DcuOutput>
        <DCC_ObjOutput>..\DCU</DCC_ObjOutput>
        <DCC_HppOutput>..\DCU</DCC_HppOutput>
        <DCC_UnitSearchPath>..\Copy;..\MWRilPre;..\Componenti;..\Repositary;..\PJCondivisi;..\PJRilPre;$(DCC_UnitSearchPath)</DCC_UnitSearchPath>
        <DCC_ResourcePath>..\Copy;..\MWRilPre;..\Componenti;..\Repositary;..\PJCondivisi;..\PJRilPre;$(DCC_ResourcePath)</DCC_ResourcePath>
        <DCC_ObjPath>..\Copy;..\MWRilPre;..\Componenti;..\Repositary;..\PJCondivisi;..\PJRilPre;$(DCC_ObjPath)</DCC_ObjPath>
        <DCC_IncludePath>..\Copy;..\MWRilPre;..\Componenti;..\Repositary;..\PJCondivisi;..\PJRilPre;$(DCC_IncludePath)</DCC_IncludePath>
        <DCC_Define>RELEASE;$(DCC_Define)</DCC_Define>
        <DCC_RangeChecking>True</DCC_RangeChecking>
        <DCC_UNSAFE_TYPE>True</DCC_UNSAFE_TYPE>
        <DCC_UNSAFE_CODE>True</DCC_UNSAFE_CODE>
        <DCC_UNSAFE_CAST>True</DCC_UNSAFE_CAST>
    </PropertyGroup>
    <PropertyGroup Condition="'$(Cfg_2)'!=''">
        <DCC_DependencyCheckOutputName>..\Eseguibili\A047PTimbMensa.exe</DCC_DependencyCheckOutputName>
        <Version>7.0</Version>
        <DCC_WriteableConstants>True</DCC_WriteableConstants>
        <DCC_ExeOutput>..\Eseguibili</DCC_ExeOutput>
        <DCC_DcuOutput>..\DCU</DCC_DcuOutput>
        <DCC_ObjOutput>..\DCU</DCC_ObjOutput>
        <DCC_HppOutput>..\DCU</DCC_HppOutput>
        <DCC_UnitSearchPath>..\Copy;..\MWRilPre;..\Componenti;..\Repositary;..\PJCondivisi;..\PJRilPre;..\PJServizi;$(DCC_UnitSearchPath)</DCC_UnitSearchPath>
        <DCC_ResourcePath>..\Copy;..\MWRilPre;..\Componenti;..\Repositary;..\PJCondivisi;..\PJRilPre;$(DCC_ResourcePath)</DCC_ResourcePath>
        <DCC_ObjPath>..\Copy;..\MWRilPre;..\Componenti;..\Repositary;..\PJCondivisi;..\PJRilPre;$(DCC_ObjPath)</DCC_ObjPath>
        <DCC_IncludePath>..\Copy;..\MWRilPre;..\Componenti;..\Repositary;..\PJCondivisi;..\PJRilPre;$(DCC_IncludePath)</DCC_IncludePath>
        <DCC_Define>DEBUG;$(DCC_Define)</DCC_Define>
        <DCC_RangeChecking>True</DCC_RangeChecking>
        <DCC_UNSAFE_TYPE>True</DCC_UNSAFE_TYPE>
        <DCC_UNSAFE_CODE>True</DCC_UNSAFE_CODE>
        <DCC_UNSAFE_CAST>True</DCC_UNSAFE_CAST>
    </PropertyGroup>
    <ProjectExtensions>
        <Borland.Personality>Delphi.Personality.12</Borland.Personality>
        <Borland.ProjectType>VCLApplication</Borland.ProjectType>
        <BorlandProject>
            <Delphi.Personality>
                <Parameters>
                    <Parameters Name="UseLauncher">False</Parameters>
                    <Parameters Name="LoadAllSymbols">True</Parameters>
                    <Parameters Name="LoadUnspecifiedSymbols">False</Parameters>
                </Parameters>
                <Language>
                    <Language Name="ProjectLang">$00000410</Language>
                </Language>
                <VersionInfo>
                    <VersionInfo Name="IncludeVerInfo">False</VersionInfo>
                    <VersionInfo Name="AutoIncBuild">False</VersionInfo>
                    <VersionInfo Name="MajorVer">1</VersionInfo>
                    <VersionInfo Name="MinorVer">0</VersionInfo>
                    <VersionInfo Name="Release">0</VersionInfo>
                    <VersionInfo Name="Build">0</VersionInfo>
                    <VersionInfo Name="Debug">False</VersionInfo>
                    <VersionInfo Name="PreRelease">False</VersionInfo>
                    <VersionInfo Name="Special">False</VersionInfo>
                    <VersionInfo Name="Private">False</VersionInfo>
                    <VersionInfo Name="DLL">False</VersionInfo>
                    <VersionInfo Name="Locale">1040</VersionInfo>
                    <VersionInfo Name="CodePage">1252</VersionInfo>
                </VersionInfo>
                <VersionInfoKeys>
                    <VersionInfoKeys Name="FileVersion">1.0.0.0</VersionInfoKeys>
                    <VersionInfoKeys Name="ProductVersion">1.0.0.0</VersionInfoKeys>
                </VersionInfoKeys>
                <Source>
                    <Source Name="MainSource">A047PTimbMensa.dpr</Source>
                </Source>
            </Delphi.Personality>
            <Platforms>
                <Platform value="Win32">True</Platform>
                <Platform value="Win64">False</Platform>
            </Platforms>
        </BorlandProject>
        <ProjectFileVersion>12</ProjectFileVersion>
    </ProjectExtensions>
    <ItemGroup>
        <DelphiCompile Include="$(MainSource)">
            <MainSource>MainSource</MainSource>
        </DelphiCompile>
        <DCCReference Include="A047UTimbMensa.pas">
            <Form>A047FTimbMensa</Form>
        </DCCReference>
        <DCCReference Include="A047UTimbMensaDtM1.pas">
            <Form>A047FTimbMensaDtM1</Form>
            <DesignClass>TDataModule</DesignClass>
        </DCCReference>
        <DCCReference Include="A047UGestTimbraMensa.pas">
            <Form>A047FGestTimbraMensa</Form>
        </DCCReference>
        <DCCReference Include="A047UAnomMensa.pas">
            <Form>A047FAnomMensa</Form>
        </DCCReference>
        <DCCReference Include="A047UStampaTimbMensa.pas">
            <Form>A047FStampaTimbMensa</Form>
        </DCCReference>
        <DCCReference Include="A047UDialogStampa.pas">
            <Form>A047FDialogStampa</Form>
        </DCCReference>
        <DCCReference Include="..\Repositary\TABELLE99.pas">
            <Form>FrmTabelle99</Form>
        </DCCReference>
        <DCCReference Include="..\REPOSITARY\R002UQREP.pas">
            <Form>R002FQRep</Form>
        </DCCReference>
        <DCCReference Include="A047UStampaGiornaliera.pas">
            <Form>A047FStampaGiornaliera</Form>
        </DCCReference>
        <DCCReference Include="A047UAccessoManuale.pas">
            <Form>A047FAccessoManuale</Form>
        </DCCReference>
        <DCCReference Include="..\Componenti\SelAnagrafe.pas">
            <Form>frmSelAnagrafe</Form>
            <DesignClass>TFrame</DesignClass>
        </DCCReference>
        <DCCReference Include="A047URaggrStampa.pas">
            <Form>A047FRaggrStampa</Form>
        </DCCReference>
        <DCCReference Include="..\Repositary\R005UDataModuleMW.pas">
            <Form>R005FDataModuleMW</Form>
            <FormType>dfm</FormType>
            <DesignClass>TDataModule</DesignClass>
        </DCCReference>
        <DCCReference Include="..\MWRilPre\A047UTimbMensaMW.pas">
            <Form>A047FTimbMensaMW</Form>
            <FormType>dfm</FormType>
            <DesignClass>TDataModule</DesignClass>
        </DCCReference>
        <DCCReference Include="..\Copy\A000UCostanti.pas"/>
        <DCCReference Include="..\MWRilPre\A000UGestioneTimbraGiustMW.pas">
            <Form>A000FGestioneTimbraGiustMW</Form>
            <FormType>dfm</FormType>
            <DesignClass>TDataModule</DesignClass>
        </DCCReference>
        <BuildConfiguration Include="Debug">
            <Key>Cfg_2</Key>
            <CfgParent>Base</CfgParent>
        </BuildConfiguration>
        <BuildConfiguration Include="Base">
            <Key>Base</Key>
        </BuildConfiguration>
        <BuildConfiguration Include="Release">
            <Key>Cfg_1</Key>
            <CfgParent>Base</CfgParent>
        </BuildConfiguration>
    </ItemGroup>
    <ItemGroup/>
    <Import Project="$(BDS)\Bin\CodeGear.Delphi.Targets" Condition="Exists('$(BDS)\Bin\CodeGear.Delphi.Targets')"/>
    <Import Project="$(APPDATA)\Embarcadero\$(BDSAPPDATABASEDIR)\$(PRODUCTVERSION)\UserTools.proj" Condition="Exists('$(APPDATA)\Embarcadero\$(BDSAPPDATABASEDIR)\$(PRODUCTVERSION)\UserTools.proj')"/>
</Project>
