<Project xmlns="http://schemas.microsoft.com/developer/msbuild/2003">
  <PropertyGroup>
    <ProjectGuid>{453bbf65-3351-46f3-baac-00353a23e383}</ProjectGuid>
    <MainSource>A135PTimbratureScartate.dpr</MainSource>
    <Configuration Condition=" '$(Configuration)' == '' ">Debug</Configuration>
    <Platform Condition=" '$(Platform)' == '' ">AnyCPU</Platform>
    <DCC_DCCCompiler>DCC32</DCC_DCCCompiler>
    <DCC_DependencyCheckOutputName>..\Eseguibili\A135PTimbratureScartate.exe</DCC_DependencyCheckOutputName>
  </PropertyGroup>
  <PropertyGroup Condition=" '$(Configuration)|$(Platform)' == 'Release|AnyCPU' ">
    <Version>7.0</Version>
    <DCC_DebugInformation>False</DCC_DebugInformation>
    <DCC_LocalDebugSymbols>False</DCC_LocalDebugSymbols>
    <DCC_SymbolReferenceInfo>0</DCC_SymbolReferenceInfo>
    <DCC_ExeOutput>..\Eseguibili</DCC_ExeOutput>
    <DCC_DcuOutput>..\DCU</DCC_DcuOutput>
    <DCC_ObjOutput>..\DCU</DCC_ObjOutput>
    <DCC_HppOutput>..\DCU</DCC_HppOutput>
    <DCC_UnitSearchPath>..\copy;..\componenti;..\repositary;..\MWRilPre;..\PJRilPre;..\PJcondivisi</DCC_UnitSearchPath>
    <DCC_ResourcePath>..\copy;..\componenti;..\repositary;..\MWRilPre;..\PJRilPre;..\PJcondivisi</DCC_ResourcePath>
    <DCC_ObjPath>..\copy;..\componenti;..\repositary;..\MWRilPre;..\PJRilPre;..\PJcondivisi</DCC_ObjPath>
    <DCC_IncludePath>..\copy;..\componenti;..\repositary;..\MWRilPre;..\PJRilPre;..\PJcondivisi</DCC_IncludePath>
    <DCC_Define>RELEASE</DCC_Define>
    <DCC_RangeChecking>True</DCC_RangeChecking>
  </PropertyGroup>
  <PropertyGroup Condition=" '$(Configuration)|$(Platform)' == 'Debug|AnyCPU' ">
    <Version>7.0</Version>
    <DCC_ExeOutput>..\Eseguibili</DCC_ExeOutput>
    <DCC_DcuOutput>..\DCU</DCC_DcuOutput>
    <DCC_ObjOutput>..\DCU</DCC_ObjOutput>
    <DCC_HppOutput>..\DCU</DCC_HppOutput>
    <DCC_UnitSearchPath>..\copy;..\componenti;..\repositary;..\MWRilPre;..\PJRilPre;..\PJcondivisi</DCC_UnitSearchPath>
    <DCC_ResourcePath>..\copy;..\componenti;..\repositary;..\MWRilPre;..\PJRilPre;..\PJcondivisi</DCC_ResourcePath>
    <DCC_ObjPath>..\copy;..\componenti;..\repositary;..\MWRilPre;..\PJRilPre;..\PJcondivisi</DCC_ObjPath>
    <DCC_IncludePath>..\copy;..\componenti;..\repositary;..\MWRilPre;..\PJRilPre;..\PJcondivisi</DCC_IncludePath>
    <DCC_Define>DEBUG</DCC_Define>
    <DCC_RangeChecking>True</DCC_RangeChecking>
  </PropertyGroup>
  <ProjectExtensions>
    <Borland.Personality>Delphi.Personality</Borland.Personality>
    <Borland.ProjectType />
    <BorlandProject>
<BorlandProject xmlns=""> <Delphi.Personality>   <Parameters>
      <Parameters Name="UseLauncher">False</Parameters>
      <Parameters Name="LoadAllSymbols">True</Parameters>
      <Parameters Name="LoadUnspecifiedSymbols">False</Parameters>
    </Parameters>
    <VersionInfo>
      <VersionInfo Name="IncludeVerInfo">False</VersionInfo>
      <VersionInfo Name="AutoIncBuild">False</VersionInfo>
      <VersionInfo Name="MajorVer">1</VersionInfo>
      <VersionInfo Name="MinorVer">0</VersionInfo>
      <VersionInfo Name="Release">0</VersionInfo>
      <VersionInfo Name="Build">0</VersionInfo>
      <VersionInfo Name="Debug">False</VersionInfo>
      <VersionInfo Name="PreRelease">False</VersionInfo>
      <VersionInfo Name="Special">False</VersionInfo>
      <VersionInfo Name="Private">False</VersionInfo>
      <VersionInfo Name="DLL">False</VersionInfo>
      <VersionInfo Name="Locale">1040</VersionInfo>
      <VersionInfo Name="CodePage">1252</VersionInfo>
    </VersionInfo>
    <VersionInfoKeys>
      <VersionInfoKeys Name="FileVersion">1.0.0.0</VersionInfoKeys>
      <VersionInfoKeys Name="ProductVersion">1.0.0.0</VersionInfoKeys>
    </VersionInfoKeys>
    <Excluded_Packages>
      
      
      <Excluded_Packages Name="c:\programmi\borland\bds\3.0\Bin\dclindy90.bpl">Internet Direct Version 9 (Indy) Property and Component Editors</Excluded_Packages>
    </Excluded_Packages>
    <Source>
      <Source Name="MainSource">A135PTimbratureScartate.dpr</Source>
    </Source>
  </Delphi.Personality> </BorlandProject></BorlandProject>
  </ProjectExtensions>
  <ItemGroup />
  <ItemGroup>
    <DelphiCompile Include="A135PTimbratureScartate.dpr">
      <MainSource>MainSource</MainSource>
    </DelphiCompile>
    <DCCReference Include="..\Componenti\SelAnagrafe.pas">
      <Form>frmSelAnagrafe</Form>
      <DesignClass>TFrame</DesignClass>
    </DCCReference>
    <DCCReference Include="..\Repositary\R001UGESTTAB.pas">
      <Form>R001FGestTab</Form>
    </DCCReference>
    <DCCReference Include="..\Repositary\R004UGESTSTORICODTM.pas">
      <Form>R004FGestStoricoDtM</Form>
      <DesignClass>TDataModule</DesignClass>
    </DCCReference>
    <DCCReference Include="A135UTimbratureScartate.pas">
      <Form>A135FTimbratureScartate</Form>
    </DCCReference>
    <DCCReference Include="A135UTimbratureScartateDtM.pas">
      <Form>A135FTimbratureScartateDtM</Form>
      <DesignClass>TDataModule</DesignClass>
    </DCCReference>
  </ItemGroup>
  <Import Project="$(MSBuildBinPath)\Borland.Delphi.Targets" />
</Project>